// !$*UTF8*$!
{
	archiveVersion = 1;
	classes = {
	};
	objectVersion = 46;
	objects = {

/* Begin PBXBuildFile section */
		292F5BCC1EF209AD0076A1FD /* DetailVC.m in Sources */ = {isa = PBXBuildFile; fileRef = 292F5BCB1EF209AD0076A1FD /* DetailVC.m */; };
		292F5BCE1EF212000076A1FD /* libsqlite3.0.tbd in Frameworks */ = {isa = PBXBuildFile; fileRef = 292F5BCD1EF212000076A1FD /* libsqlite3.0.tbd */; };
		292F5BD11EF21CD00076A1FD /* DetailCell.m in Sources */ = {isa = PBXBuildFile; fileRef = 292F5BD01EF21CD00076A1FD /* DetailCell.m */; };
		292F5BD41EF249180076A1FD /* NoticeCell.m in Sources */ = {isa = PBXBuildFile; fileRef = 292F5BD31EF249180076A1FD /* NoticeCell.m */; };
		292F5BD71EF2492B0076A1FD /* NoticeVC.m in Sources */ = {isa = PBXBuildFile; fileRef = 292F5BD61EF2492B0076A1FD /* NoticeVC.m */; };
		292F69841F1327020090FFF4 /* MNMBottomPullToRefresh.strings in Resources */ = {isa = PBXBuildFile; fileRef = 292F697D1F1327020090FFF4 /* MNMBottomPullToRefresh.strings */; };
		292F69851F1327020090FFF4 /* MNMBottomPullToRefreshArrow.png in Resources */ = {isa = PBXBuildFile; fileRef = 292F697E1F1327020090FFF4 /* MNMBottomPullToRefreshArrow.png */; };
		292F69861F1327020090FFF4 /* MNMBottomPullToRefreshArrow@2x.png in Resources */ = {isa = PBXBuildFile; fileRef = 292F697F1F1327020090FFF4 /* MNMBottomPullToRefreshArrow@2x.png */; };
		292F69871F1327020090FFF4 /* MNMBottomPullToRefreshManager.m in Sources */ = {isa = PBXBuildFile; fileRef = 292F69811F1327020090FFF4 /* MNMBottomPullToRefreshManager.m */; };
		292F69881F1327020090FFF4 /* MNMBottomPullToRefreshView.m in Sources */ = {isa = PBXBuildFile; fileRef = 292F69831F1327020090FFF4 /* MNMBottomPullToRefreshView.m */; };
		292F6A0E1F15D9590090FFF4 /* AVFoundation.framework in Frameworks */ = {isa = PBXBuildFile; fileRef = 292F6A0D1F15D9590090FFF4 /* AVFoundation.framework */; };
		2941ADC21F184D12004B31DA /* btn_set_01.png in Resources */ = {isa = PBXBuildFile; fileRef = 2941ADBC1F184D12004B31DA /* btn_set_01.png */; };
		2941ADC31F184D12004B31DA /* btn_set_02.png in Resources */ = {isa = PBXBuildFile; fileRef = 2941ADBD1F184D12004B31DA /* btn_set_02.png */; };
		2941ADC41F184D12004B31DA /* btn_set_03.png in Resources */ = {isa = PBXBuildFile; fileRef = 2941ADBE1F184D12004B31DA /* btn_set_03.png */; };
		2941ADC51F184D12004B31DA /* btn_set_04.png in Resources */ = {isa = PBXBuildFile; fileRef = 2941ADBF1F184D12004B31DA /* btn_set_04.png */; };
		2941ADC61F184D12004B31DA /* btn_set_line.png in Resources */ = {isa = PBXBuildFile; fileRef = 2941ADC01F184D12004B31DA /* btn_set_line.png */; };
		2941ADC71F184D12004B31DA /* btn_set_tap.png in Resources */ = {isa = PBXBuildFile; fileRef = 2941ADC11F184D12004B31DA /* btn_set_tap.png */; };
		294C3ED41F0093140080D556 /* btn_reset.png in Resources */ = {isa = PBXBuildFile; fileRef = 294C3ED31F0093140080D556 /* btn_reset.png */; };
		294C3ED61F00B93E0080D556 /* bg_search_set_on.png in Resources */ = {isa = PBXBuildFile; fileRef = 294C3ED51F00B93E0080D556 /* bg_search_set_on.png */; };
		298819D81EFC964E00E7E54A /* bg_top.png in Resources */ = {isa = PBXBuildFile; fileRef = 298819CC1EFC964E00E7E54A /* bg_top.png */; };
		298819D91EFC964E00E7E54A /* btn_allword.png in Resources */ = {isa = PBXBuildFile; fileRef = 298819CD1EFC964E00E7E54A /* btn_allword.png */; };
		298819DA1EFC964E00E7E54A /* btn_fav_word.png in Resources */ = {isa = PBXBuildFile; fileRef = 298819CE1EFC964E00E7E54A /* btn_fav_word.png */; };
		298819DB1EFC964E00E7E54A /* btn_home.png in Resources */ = {isa = PBXBuildFile; fileRef = 298819CF1EFC964E00E7E54A /* btn_home.png */; };
		298819DC1EFC964E00E7E54A /* btn_search.png in Resources */ = {isa = PBXBuildFile; fileRef = 298819D01EFC964E00E7E54A /* btn_search.png */; };
		298819DD1EFC964E00E7E54A /* btn_setting.png in Resources */ = {isa = PBXBuildFile; fileRef = 298819D11EFC964E00E7E54A /* btn_setting.png */; };
		29C1598C1F063AFF00A982A0 /* bg_top_sub.png in Resources */ = {isa = PBXBuildFile; fileRef = 29C1598B1F063AFF00A982A0 /* bg_top_sub.png */; };
		29C159991F063C0C00A982A0 /* btn_sub_menu_01_off.png in Resources */ = {isa = PBXBuildFile; fileRef = 29C1598D1F063C0C00A982A0 /* btn_sub_menu_01_off.png */; };
		29C1599A1F063C0C00A982A0 /* btn_sub_menu_01_on.png in Resources */ = {isa = PBXBuildFile; fileRef = 29C1598E1F063C0C00A982A0 /* btn_sub_menu_01_on.png */; };
		29C1599B1F063C0C00A982A0 /* btn_sub_menu_02_off.png in Resources */ = {isa = PBXBuildFile; fileRef = 29C1598F1F063C0C00A982A0 /* btn_sub_menu_02_off.png */; };
		29C1599C1F063C0C00A982A0 /* btn_sub_menu_02_on.png in Resources */ = {isa = PBXBuildFile; fileRef = 29C159901F063C0C00A982A0 /* btn_sub_menu_02_on.png */; };
		29C1599D1F063C0C00A982A0 /* btn_sub_menu_03_off.png in Resources */ = {isa = PBXBuildFile; fileRef = 29C159911F063C0C00A982A0 /* btn_sub_menu_03_off.png */; };
		29C1599E1F063C0C00A982A0 /* btn_sub_menu_03_on.png in Resources */ = {isa = PBXBuildFile; fileRef = 29C159921F063C0C00A982A0 /* btn_sub_menu_03_on.png */; };
		29C1599F1F063C0C00A982A0 /* btn_sub_menu_04_off.png in Resources */ = {isa = PBXBuildFile; fileRef = 29C159931F063C0C00A982A0 /* btn_sub_menu_04_off.png */; };
		29C159A01F063C0C00A982A0 /* btn_sub_menu_04_on.png in Resources */ = {isa = PBXBuildFile; fileRef = 29C159941F063C0C00A982A0 /* btn_sub_menu_04_on.png */; };
		29C159A11F063C0C00A982A0 /* btn_sub_menu_05_off.png in Resources */ = {isa = PBXBuildFile; fileRef = 29C159951F063C0C00A982A0 /* btn_sub_menu_05_off.png */; };
		29C159A21F063C0C00A982A0 /* btn_sub_menu_05_on.png in Resources */ = {isa = PBXBuildFile; fileRef = 29C159961F063C0C00A982A0 /* btn_sub_menu_05_on.png */; };
		29C159A31F063C0C00A982A0 /* btn_sub_menu_06_off.png in Resources */ = {isa = PBXBuildFile; fileRef = 29C159971F063C0C00A982A0 /* btn_sub_menu_06_off.png */; };
		29C159A41F063C0C00A982A0 /* btn_sub_menu_06_on.png in Resources */ = {isa = PBXBuildFile; fileRef = 29C159981F063C0C00A982A0 /* btn_sub_menu_06_on.png */; };
		29C159A91F063DC200A982A0 /* bg_search_top.png in Resources */ = {isa = PBXBuildFile; fileRef = 29C159A51F063DC200A982A0 /* bg_search_top.png */; };
		29C159AA1F063DC200A982A0 /* btn_search_off.png in Resources */ = {isa = PBXBuildFile; fileRef = 29C159A61F063DC200A982A0 /* btn_search_off.png */; };
		29C159AB1F063DC200A982A0 /* btn_search_on.png in Resources */ = {isa = PBXBuildFile; fileRef = 29C159A71F063DC200A982A0 /* btn_search_on.png */; };
		29C159AC1F063DC200A982A0 /* edit_text_search.png in Resources */ = {isa = PBXBuildFile; fileRef = 29C159A81F063DC200A982A0 /* edit_text_search.png */; };
		29C159AE1F06427400A982A0 /* img_list.png in Resources */ = {isa = PBXBuildFile; fileRef = 29C159AD1F06427400A982A0 /* img_list.png */; };
		29E0E4DB1F09DA6F0096A950 /* AVKit.framework in Frameworks */ = {isa = PBXBuildFile; fileRef = 29E0E4DA1F09DA6F0096A950 /* AVKit.framework */; };
		29E0E4DD1F09DA790096A950 /* QuartzCore.framework in Frameworks */ = {isa = PBXBuildFile; fileRef = 29E0E4DC1F09DA790096A950 /* QuartzCore.framework */; };
		29E0E4DF1F09DA8E0096A950 /* MessageUI.framework in Frameworks */ = {isa = PBXBuildFile; fileRef = 29E0E4DE1F09DA8E0096A950 /* MessageUI.framework */; settings = {ATTRIBUTES = (Weak, ); }; };
		29E0E4EA1F09DB370096A950 /* cauly_default_banner_ipad_large.png in Resources */ = {isa = PBXBuildFile; fileRef = 29E0E4E61F09DB370096A950 /* cauly_default_banner_ipad_large.png */; };
		29E0E4EB1F09DB370096A950 /* cauly_default_banner_ipad_small.png in Resources */ = {isa = PBXBuildFile; fileRef = 29E0E4E71F09DB370096A950 /* cauly_default_banner_ipad_small.png */; };
		29E0E4EC1F09DB370096A950 /* cauly_default_banner_iphone.png in Resources */ = {isa = PBXBuildFile; fileRef = 29E0E4E81F09DB370096A950 /* cauly_default_banner_iphone.png */; };
		29E0E4EF1F09DBFA0096A950 /* libCauly.a in Frameworks */ = {isa = PBXBuildFile; fileRef = 29E0E4EE1F09DBFA0096A950 /* libCauly.a */; };
		29E0E4F61F09FB120096A950 /* intro_320.png in Resources */ = {isa = PBXBuildFile; fileRef = 29E0E4F31F09FB120096A950 /* intro_320.png */; };
		29E0E4F71F09FB120096A950 /* intro_375.png in Resources */ = {isa = PBXBuildFile; fileRef = 29E0E4F41F09FB120096A950 /* intro_375.png */; };
		29E0E4F81F09FB120096A950 /* intro_414.png in Resources */ = {isa = PBXBuildFile; fileRef = 29E0E4F51F09FB120096A950 /* intro_414.png */; };
		29F57BE31EEF70720060F1B3 /* ChooseVC.m in Sources */ = {isa = PBXBuildFile; fileRef = 29F57BE21EEF70720060F1B3 /* ChooseVC.m */; };
		29F57BE61EEF9B370060F1B3 /* ChooseCell.m in Sources */ = {isa = PBXBuildFile; fileRef = 29F57BE51EEF9B370060F1B3 /* ChooseCell.m */; };
		FF370C801EC1E25E00E5684C /* main.m in Sources */ = {isa = PBXBuildFile; fileRef = FF370C7F1EC1E25E00E5684C /* main.m */; };
		FF370C831EC1E25E00E5684C /* AppDelegate.m in Sources */ = {isa = PBXBuildFile; fileRef = FF370C821EC1E25E00E5684C /* AppDelegate.m */; };
		FF370C891EC1E25E00E5684C /* Main.storyboard in Resources */ = {isa = PBXBuildFile; fileRef = FF370C871EC1E25E00E5684C /* Main.storyboard */; };
		FF370C8B1EC1E25E00E5684C /* Assets.xcassets in Resources */ = {isa = PBXBuildFile; fileRef = FF370C8A1EC1E25E00E5684C /* Assets.xcassets */; };
		FF986ADC1EF2C238003C7B68 /* SettingVC.m in Sources */ = {isa = PBXBuildFile; fileRef = FF986ADB1EF2C238003C7B68 /* SettingVC.m */; };
		FF986ADF1EF2C7C9003C7B68 /* SearchVC.m in Sources */ = {isa = PBXBuildFile; fileRef = FF986ADE1EF2C7C9003C7B68 /* SearchVC.m */; };
		FFB09C241F07E0FD00F55EAE /* bottom_btn_off.png in Resources */ = {isa = PBXBuildFile; fileRef = FFB09C221F07E0FD00F55EAE /* bottom_btn_off.png */; };
		FFB09C251F07E0FD00F55EAE /* bottom_btn_on.png in Resources */ = {isa = PBXBuildFile; fileRef = FFB09C231F07E0FD00F55EAE /* bottom_btn_on.png */; };
		FFB09C281F07E53500F55EAE /* check_box_false.png in Resources */ = {isa = PBXBuildFile; fileRef = FFB09C261F07E53500F55EAE /* check_box_false.png */; };
		FFB09C291F07E53500F55EAE /* check_box_true.png in Resources */ = {isa = PBXBuildFile; fileRef = FFB09C271F07E53500F55EAE /* check_box_true.png */; };
		FFB6C5551EFFEADD004AFB25 /* btn_favorite_press.png in Resources */ = {isa = PBXBuildFile; fileRef = FFB6C5511EFFEADD004AFB25 /* btn_favorite_press.png */; };
		FFB6C5561EFFEADD004AFB25 /* btn_favorite.png in Resources */ = {isa = PBXBuildFile; fileRef = FFB6C5521EFFEADD004AFB25 /* btn_favorite.png */; };
		FFB6C5571EFFEADD004AFB25 /* btn_speak_press.png in Resources */ = {isa = PBXBuildFile; fileRef = FFB6C5531EFFEADD004AFB25 /* btn_speak_press.png */; };
		FFB6C5581EFFEADD004AFB25 /* btn_speak.png in Resources */ = {isa = PBXBuildFile; fileRef = FFB6C5541EFFEADD004AFB25 /* btn_speak.png */; };
		FFB6C5691EFFEBFB004AFB25 /* btn_cancel.png in Resources */ = {isa = PBXBuildFile; fileRef = FFB6C5591EFFEBFB004AFB25 /* btn_cancel.png */; };
		FFB6C56A1EFFEBFB004AFB25 /* btn_ok.png in Resources */ = {isa = PBXBuildFile; fileRef = FFB6C55A1EFFEBFB004AFB25 /* btn_ok.png */; };
		FFB6C56C1EFFEBFB004AFB25 /* menu_01.png in Resources */ = {isa = PBXBuildFile; fileRef = FFB6C55C1EFFEBFB004AFB25 /* menu_01.png */; };
		FFB6C56E1EFFEBFB004AFB25 /* menu_02.png in Resources */ = {isa = PBXBuildFile; fileRef = FFB6C55E1EFFEBFB004AFB25 /* menu_02.png */; };
		FFB6C5701EFFEBFB004AFB25 /* menu_03.png in Resources */ = {isa = PBXBuildFile; fileRef = FFB6C5601EFFEBFB004AFB25 /* menu_03.png */; };
		FFB6C5721EFFEBFB004AFB25 /* menu_04.png in Resources */ = {isa = PBXBuildFile; fileRef = FFB6C5621EFFEBFB004AFB25 /* menu_04.png */; };
		FFB6C5741EFFEBFB004AFB25 /* menu_05.png in Resources */ = {isa = PBXBuildFile; fileRef = FFB6C5641EFFEBFB004AFB25 /* menu_05.png */; };
		FFB6C5761EFFEBFB004AFB25 /* menu_06.png in Resources */ = {isa = PBXBuildFile; fileRef = FFB6C5661EFFEBFB004AFB25 /* menu_06.png */; };
		FFB6C5771EFFEBFB004AFB25 /* set_switch_track_off.png in Resources */ = {isa = PBXBuildFile; fileRef = FFB6C5671EFFEBFB004AFB25 /* set_switch_track_off.png */; };
		FFB6C5781EFFEBFB004AFB25 /* set_switch_track_on.png in Resources */ = {isa = PBXBuildFile; fileRef = FFB6C5681EFFEBFB004AFB25 /* set_switch_track_on.png */; };
		FFB6C5811EFFEE52004AFB25 /* all_view_set.png in Resources */ = {isa = PBXBuildFile; fileRef = FFB6C5791EFFEE52004AFB25 /* all_view_set.png */; };
		FFB6C5821EFFEE52004AFB25 /* bg_count.png in Resources */ = {isa = PBXBuildFile; fileRef = FFB6C57A1EFFEE52004AFB25 /* bg_count.png */; };
		FFB6C5831EFFEE52004AFB25 /* bg_en_ko.png in Resources */ = {isa = PBXBuildFile; fileRef = FFB6C57B1EFFEE52004AFB25 /* bg_en_ko.png */; };
		FFB6C5841EFFEE52004AFB25 /* bg_favorite.png in Resources */ = {isa = PBXBuildFile; fileRef = FFB6C57C1EFFEE52004AFB25 /* bg_favorite.png */; };
		FFB6C5851EFFEE52004AFB25 /* bg_level.png in Resources */ = {isa = PBXBuildFile; fileRef = FFB6C57D1EFFEE52004AFB25 /* bg_level.png */; };
		FFB6C5861EFFEE52004AFB25 /* bg_search_set_off.png in Resources */ = {isa = PBXBuildFile; fileRef = FFB6C57E1EFFEE52004AFB25 /* bg_search_set_off.png */; };
		FFB6C5881EFFEE52004AFB25 /* bg_speak.png in Resources */ = {isa = PBXBuildFile; fileRef = FFB6C5801EFFEE52004AFB25 /* bg_speak.png */; };
		FFBD4B1A1ED01254005380A5 /* GlobalObject.m in Sources */ = {isa = PBXBuildFile; fileRef = FFBD4B171ED01254005380A5 /* GlobalObject.m */; };
		FFBD4B1D1ED01268005380A5 /* MainVC.m in Sources */ = {isa = PBXBuildFile; fileRef = FFBD4B1C1ED01268005380A5 /* MainVC.m */; };
		FFBD4B561ED01A91005380A5 /* SBJsonBase.m in Sources */ = {isa = PBXBuildFile; fileRef = FFBD4B4B1ED01A91005380A5 /* SBJsonBase.m */; settings = {COMPILER_FLAGS = "-fno-objc-arc"; }; };
		FFBD4B571ED01A91005380A5 /* SBJsonParser.m in Sources */ = {isa = PBXBuildFile; fileRef = FFBD4B4D1ED01A91005380A5 /* SBJsonParser.m */; settings = {COMPILER_FLAGS = "-fno-objc-arc"; }; };
		FFBD4B581ED01A91005380A5 /* SBJsonWriter.m in Sources */ = {isa = PBXBuildFile; fileRef = FFBD4B4F1ED01A91005380A5 /* SBJsonWriter.m */; settings = {COMPILER_FLAGS = "-fno-objc-arc"; }; };
		FFBD4B5A1ED01A91005380A5 /* UIView+Toast.m in Sources */ = {isa = PBXBuildFile; fileRef = FFBD4B551ED01A91005380A5 /* UIView+Toast.m */; };
		FFBD4B611ED01C80005380A5 /* libz.1.2.5.tbd in Frameworks */ = {isa = PBXBuildFile; fileRef = FFBD4B601ED01C80005380A5 /* libz.1.2.5.tbd */; };
		FFBD4B621ED01C87005380A5 /* SystemConfiguration.framework in Frameworks */ = {isa = PBXBuildFile; fileRef = FFBD4B5C1ED01BA3005380A5 /* SystemConfiguration.framework */; };
		FFBD4B631ED01C8E005380A5 /* CFNetwork.framework in Frameworks */ = {isa = PBXBuildFile; fileRef = FFBD4B5E1ED01BBE005380A5 /* CFNetwork.framework */; };
		FFBD4B651ED01C97005380A5 /* AdSupport.framework in Frameworks */ = {isa = PBXBuildFile; fileRef = FFBD4B641ED01C97005380A5 /* AdSupport.framework */; settings = {ATTRIBUTES = (Weak, ); }; };
		FFBD4B671ED01C9E005380A5 /* AssetsLibrary.framework in Frameworks */ = {isa = PBXBuildFile; fileRef = FFBD4B661ED01C9E005380A5 /* AssetsLibrary.framework */; };
		FFBD4B691ED01CA5005380A5 /* CoreGraphics.framework in Frameworks */ = {isa = PBXBuildFile; fileRef = FFBD4B681ED01CA5005380A5 /* CoreGraphics.framework */; };
		FFBD4B6B1ED01CA9005380A5 /* CoreLocation.framework in Frameworks */ = {isa = PBXBuildFile; fileRef = FFBD4B6A1ED01CA9005380A5 /* CoreLocation.framework */; };
		FFBD4B6D1ED01CB2005380A5 /* CoreTelephony.framework in Frameworks */ = {isa = PBXBuildFile; fileRef = FFBD4B6C1ED01CB2005380A5 /* CoreTelephony.framework */; };
		FFBD4B6F1ED01CB9005380A5 /* EventKit.framework in Frameworks */ = {isa = PBXBuildFile; fileRef = FFBD4B6E1ED01CB9005380A5 /* EventKit.framework */; settings = {ATTRIBUTES = (Weak, ); }; };
		FFBD4B731ED01CC8005380A5 /* MobileCoreServices.framework in Frameworks */ = {isa = PBXBuildFile; fileRef = FFBD4B721ED01CC8005380A5 /* MobileCoreServices.framework */; };
		FFBD4B751ED01CD0005380A5 /* MediaPlayer.framework in Frameworks */ = {isa = PBXBuildFile; fileRef = FFBD4B741ED01CD0005380A5 /* MediaPlayer.framework */; };
		FFBD4B771ED01CE0005380A5 /* Security.framework in Frameworks */ = {isa = PBXBuildFile; fileRef = FFBD4B761ED01CE0005380A5 /* Security.framework */; };
		FFBD4B791ED01CF4005380A5 /* UIKit.framework in Frameworks */ = {isa = PBXBuildFile; fileRef = FFBD4B781ED01CF4005380A5 /* UIKit.framework */; };
		FFBD4B7B1ED01D1B005380A5 /* Foundation.framework in Frameworks */ = {isa = PBXBuildFile; fileRef = FFBD4B7A1ED01D1B005380A5 /* Foundation.framework */; };
/* End PBXBuildFile section */

/* Begin PBXFileReference section */
		292F5BCA1EF209AD0076A1FD /* DetailVC.h */ = {isa = PBXFileReference; fileEncoding = 4; lastKnownFileType = sourcecode.c.h; path = DetailVC.h; sourceTree = "<group>"; };
		292F5BCB1EF209AD0076A1FD /* DetailVC.m */ = {isa = PBXFileReference; fileEncoding = 4; lastKnownFileType = sourcecode.c.objc; path = DetailVC.m; sourceTree = "<group>"; };
		292F5BCD1EF212000076A1FD /* libsqlite3.0.tbd */ = {isa = PBXFileReference; lastKnownFileType = "sourcecode.text-based-dylib-definition"; name = libsqlite3.0.tbd; path = usr/lib/libsqlite3.0.tbd; sourceTree = SDKROOT; };
		292F5BCF1EF21CCF0076A1FD /* DetailCell.h */ = {isa = PBXFileReference; fileEncoding = 4; lastKnownFileType = sourcecode.c.h; path = DetailCell.h; sourceTree = "<group>"; };
		292F5BD01EF21CD00076A1FD /* DetailCell.m */ = {isa = PBXFileReference; fileEncoding = 4; lastKnownFileType = sourcecode.c.objc; path = DetailCell.m; sourceTree = "<group>"; };
		292F5BD21EF249180076A1FD /* NoticeCell.h */ = {isa = PBXFileReference; fileEncoding = 4; lastKnownFileType = sourcecode.c.h; path = NoticeCell.h; sourceTree = "<group>"; };
		292F5BD31EF249180076A1FD /* NoticeCell.m */ = {isa = PBXFileReference; fileEncoding = 4; lastKnownFileType = sourcecode.c.objc; path = NoticeCell.m; sourceTree = "<group>"; };
		292F5BD51EF2492B0076A1FD /* NoticeVC.h */ = {isa = PBXFileReference; fileEncoding = 4; lastKnownFileType = sourcecode.c.h; path = NoticeVC.h; sourceTree = "<group>"; };
		292F5BD61EF2492B0076A1FD /* NoticeVC.m */ = {isa = PBXFileReference; fileEncoding = 4; lastKnownFileType = sourcecode.c.objc; path = NoticeVC.m; sourceTree = "<group>"; };
		292F697D1F1327020090FFF4 /* MNMBottomPullToRefresh.strings */ = {isa = PBXFileReference; fileEncoding = 4; lastKnownFileType = text.plist.strings; path = MNMBottomPullToRefresh.strings; sourceTree = "<group>"; };
		292F697E1F1327020090FFF4 /* MNMBottomPullToRefreshArrow.png */ = {isa = PBXFileReference; lastKnownFileType = image.png; path = MNMBottomPullToRefreshArrow.png; sourceTree = "<group>"; };
		292F697F1F1327020090FFF4 /* MNMBottomPullToRefreshArrow@2x.png */ = {isa = PBXFileReference; lastKnownFileType = image.png; path = "MNMBottomPullToRefreshArrow@2x.png"; sourceTree = "<group>"; };
		292F69801F1327020090FFF4 /* MNMBottomPullToRefreshManager.h */ = {isa = PBXFileReference; fileEncoding = 4; lastKnownFileType = sourcecode.c.h; path = MNMBottomPullToRefreshManager.h; sourceTree = "<group>"; };
		292F69811F1327020090FFF4 /* MNMBottomPullToRefreshManager.m */ = {isa = PBXFileReference; fileEncoding = 4; lastKnownFileType = sourcecode.c.objc; path = MNMBottomPullToRefreshManager.m; sourceTree = "<group>"; };
		292F69821F1327020090FFF4 /* MNMBottomPullToRefreshView.h */ = {isa = PBXFileReference; fileEncoding = 4; lastKnownFileType = sourcecode.c.h; path = MNMBottomPullToRefreshView.h; sourceTree = "<group>"; };
		292F69831F1327020090FFF4 /* MNMBottomPullToRefreshView.m */ = {isa = PBXFileReference; fileEncoding = 4; lastKnownFileType = sourcecode.c.objc; path = MNMBottomPullToRefreshView.m; sourceTree = "<group>"; };
		292F6A0D1F15D9590090FFF4 /* AVFoundation.framework */ = {isa = PBXFileReference; lastKnownFileType = wrapper.framework; name = AVFoundation.framework; path = System/Library/Frameworks/AVFoundation.framework; sourceTree = SDKROOT; };
		2941ADBC1F184D12004B31DA /* btn_set_01.png */ = {isa = PBXFileReference; lastKnownFileType = image.png; path = btn_set_01.png; sourceTree = "<group>"; };
		2941ADBD1F184D12004B31DA /* btn_set_02.png */ = {isa = PBXFileReference; lastKnownFileType = image.png; path = btn_set_02.png; sourceTree = "<group>"; };
		2941ADBE1F184D12004B31DA /* btn_set_03.png */ = {isa = PBXFileReference; lastKnownFileType = image.png; path = btn_set_03.png; sourceTree = "<group>"; };
		2941ADBF1F184D12004B31DA /* btn_set_04.png */ = {isa = PBXFileReference; lastKnownFileType = image.png; path = btn_set_04.png; sourceTree = "<group>"; };
		2941ADC01F184D12004B31DA /* btn_set_line.png */ = {isa = PBXFileReference; lastKnownFileType = image.png; path = btn_set_line.png; sourceTree = "<group>"; };
		2941ADC11F184D12004B31DA /* btn_set_tap.png */ = {isa = PBXFileReference; lastKnownFileType = image.png; path = btn_set_tap.png; sourceTree = "<group>"; };
		294C3ED31F0093140080D556 /* btn_reset.png */ = {isa = PBXFileReference; lastKnownFileType = image.png; path = btn_reset.png; sourceTree = "<group>"; };
		294C3ED51F00B93E0080D556 /* bg_search_set_on.png */ = {isa = PBXFileReference; lastKnownFileType = image.png; path = bg_search_set_on.png; sourceTree = "<group>"; };
		298819CC1EFC964E00E7E54A /* bg_top.png */ = {isa = PBXFileReference; lastKnownFileType = image.png; path = bg_top.png; sourceTree = "<group>"; };
		298819CD1EFC964E00E7E54A /* btn_allword.png */ = {isa = PBXFileReference; lastKnownFileType = image.png; path = btn_allword.png; sourceTree = "<group>"; };
		298819CE1EFC964E00E7E54A /* btn_fav_word.png */ = {isa = PBXFileReference; lastKnownFileType = image.png; path = btn_fav_word.png; sourceTree = "<group>"; };
		298819CF1EFC964E00E7E54A /* btn_home.png */ = {isa = PBXFileReference; lastKnownFileType = image.png; path = btn_home.png; sourceTree = "<group>"; };
		298819D01EFC964E00E7E54A /* btn_search.png */ = {isa = PBXFileReference; lastKnownFileType = image.png; path = btn_search.png; sourceTree = "<group>"; };
		298819D11EFC964E00E7E54A /* btn_setting.png */ = {isa = PBXFileReference; lastKnownFileType = image.png; path = btn_setting.png; sourceTree = "<group>"; };
		29C1598B1F063AFF00A982A0 /* bg_top_sub.png */ = {isa = PBXFileReference; lastKnownFileType = image.png; path = bg_top_sub.png; sourceTree = "<group>"; };
		29C1598D1F063C0C00A982A0 /* btn_sub_menu_01_off.png */ = {isa = PBXFileReference; lastKnownFileType = image.png; path = btn_sub_menu_01_off.png; sourceTree = "<group>"; };
		29C1598E1F063C0C00A982A0 /* btn_sub_menu_01_on.png */ = {isa = PBXFileReference; lastKnownFileType = image.png; path = btn_sub_menu_01_on.png; sourceTree = "<group>"; };
		29C1598F1F063C0C00A982A0 /* btn_sub_menu_02_off.png */ = {isa = PBXFileReference; lastKnownFileType = image.png; path = btn_sub_menu_02_off.png; sourceTree = "<group>"; };
		29C159901F063C0C00A982A0 /* btn_sub_menu_02_on.png */ = {isa = PBXFileReference; lastKnownFileType = image.png; path = btn_sub_menu_02_on.png; sourceTree = "<group>"; };
		29C159911F063C0C00A982A0 /* btn_sub_menu_03_off.png */ = {isa = PBXFileReference; lastKnownFileType = image.png; path = btn_sub_menu_03_off.png; sourceTree = "<group>"; };
		29C159921F063C0C00A982A0 /* btn_sub_menu_03_on.png */ = {isa = PBXFileReference; lastKnownFileType = image.png; path = btn_sub_menu_03_on.png; sourceTree = "<group>"; };
		29C159931F063C0C00A982A0 /* btn_sub_menu_04_off.png */ = {isa = PBXFileReference; lastKnownFileType = image.png; path = btn_sub_menu_04_off.png; sourceTree = "<group>"; };
		29C159941F063C0C00A982A0 /* btn_sub_menu_04_on.png */ = {isa = PBXFileReference; lastKnownFileType = image.png; path = btn_sub_menu_04_on.png; sourceTree = "<group>"; };
		29C159951F063C0C00A982A0 /* btn_sub_menu_05_off.png */ = {isa = PBXFileReference; lastKnownFileType = image.png; path = btn_sub_menu_05_off.png; sourceTree = "<group>"; };
		29C159961F063C0C00A982A0 /* btn_sub_menu_05_on.png */ = {isa = PBXFileReference; lastKnownFileType = image.png; path = btn_sub_menu_05_on.png; sourceTree = "<group>"; };
		29C159971F063C0C00A982A0 /* btn_sub_menu_06_off.png */ = {isa = PBXFileReference; lastKnownFileType = image.png; path = btn_sub_menu_06_off.png; sourceTree = "<group>"; };
		29C159981F063C0C00A982A0 /* btn_sub_menu_06_on.png */ = {isa = PBXFileReference; lastKnownFileType = image.png; path = btn_sub_menu_06_on.png; sourceTree = "<group>"; };
		29C159A51F063DC200A982A0 /* bg_search_top.png */ = {isa = PBXFileReference; lastKnownFileType = image.png; path = bg_search_top.png; sourceTree = "<group>"; };
		29C159A61F063DC200A982A0 /* btn_search_off.png */ = {isa = PBXFileReference; lastKnownFileType = image.png; path = btn_search_off.png; sourceTree = "<group>"; };
		29C159A71F063DC200A982A0 /* btn_search_on.png */ = {isa = PBXFileReference; lastKnownFileType = image.png; path = btn_search_on.png; sourceTree = "<group>"; };
		29C159A81F063DC200A982A0 /* edit_text_search.png */ = {isa = PBXFileReference; lastKnownFileType = image.png; path = edit_text_search.png; sourceTree = "<group>"; };
		29C159AD1F06427400A982A0 /* img_list.png */ = {isa = PBXFileReference; lastKnownFileType = image.png; path = img_list.png; sourceTree = "<group>"; };
		29E0E4DA1F09DA6F0096A950 /* AVKit.framework */ = {isa = PBXFileReference; lastKnownFileType = wrapper.framework; name = AVKit.framework; path = System/Library/Frameworks/AVKit.framework; sourceTree = SDKROOT; };
		29E0E4DC1F09DA790096A950 /* QuartzCore.framework */ = {isa = PBXFileReference; lastKnownFileType = wrapper.framework; name = QuartzCore.framework; path = System/Library/Frameworks/QuartzCore.framework; sourceTree = SDKROOT; };
		29E0E4DE1F09DA8E0096A950 /* MessageUI.framework */ = {isa = PBXFileReference; lastKnownFileType = wrapper.framework; name = MessageUI.framework; path = System/Library/Frameworks/MessageUI.framework; sourceTree = SDKROOT; };
		29E0E4E11F09DB370096A950 /* Cauly.h */ = {isa = PBXFileReference; fileEncoding = 4; lastKnownFileType = sourcecode.c.h; path = Cauly.h; sourceTree = "<group>"; };
		29E0E4E21F09DB370096A950 /* CaulyAdSetting.h */ = {isa = PBXFileReference; fileEncoding = 4; lastKnownFileType = sourcecode.c.h; path = CaulyAdSetting.h; sourceTree = "<group>"; };
		29E0E4E31F09DB370096A950 /* CaulyAdView.h */ = {isa = PBXFileReference; fileEncoding = 4; lastKnownFileType = sourcecode.c.h; path = CaulyAdView.h; sourceTree = "<group>"; };
		29E0E4E41F09DB370096A950 /* CaulyInterstitialAd.h */ = {isa = PBXFileReference; fileEncoding = 4; lastKnownFileType = sourcecode.c.h; path = CaulyInterstitialAd.h; sourceTree = "<group>"; };
		29E0E4E61F09DB370096A950 /* cauly_default_banner_ipad_large.png */ = {isa = PBXFileReference; lastKnownFileType = image.png; path = cauly_default_banner_ipad_large.png; sourceTree = "<group>"; };
		29E0E4E71F09DB370096A950 /* cauly_default_banner_ipad_small.png */ = {isa = PBXFileReference; lastKnownFileType = image.png; path = cauly_default_banner_ipad_small.png; sourceTree = "<group>"; };
		29E0E4E81F09DB370096A950 /* cauly_default_banner_iphone.png */ = {isa = PBXFileReference; lastKnownFileType = image.png; path = cauly_default_banner_iphone.png; sourceTree = "<group>"; };
		29E0E4EE1F09DBFA0096A950 /* libCauly.a */ = {isa = PBXFileReference; lastKnownFileType = archive.ar; path = libCauly.a; sourceTree = "<group>"; };
		29E0E4F31F09FB120096A950 /* intro_320.png */ = {isa = PBXFileReference; lastKnownFileType = image.png; path = intro_320.png; sourceTree = "<group>"; };
		29E0E4F41F09FB120096A950 /* intro_375.png */ = {isa = PBXFileReference; lastKnownFileType = image.png; path = intro_375.png; sourceTree = "<group>"; };
		29E0E4F51F09FB120096A950 /* intro_414.png */ = {isa = PBXFileReference; lastKnownFileType = image.png; path = intro_414.png; sourceTree = "<group>"; };
		29F57BE11EEF70720060F1B3 /* ChooseVC.h */ = {isa = PBXFileReference; fileEncoding = 4; lastKnownFileType = sourcecode.c.h; path = ChooseVC.h; sourceTree = "<group>"; };
		29F57BE21EEF70720060F1B3 /* ChooseVC.m */ = {isa = PBXFileReference; fileEncoding = 4; lastKnownFileType = sourcecode.c.objc; path = ChooseVC.m; sourceTree = "<group>"; };
		29F57BE41EEF9B370060F1B3 /* ChooseCell.h */ = {isa = PBXFileReference; fileEncoding = 4; lastKnownFileType = sourcecode.c.h; path = ChooseCell.h; sourceTree = "<group>"; };
		29F57BE51EEF9B370060F1B3 /* ChooseCell.m */ = {isa = PBXFileReference; fileEncoding = 4; lastKnownFileType = sourcecode.c.objc; path = ChooseCell.m; sourceTree = "<group>"; };
		FF370C7B1EC1E25E00E5684C /* BigWordEnglish.app */ = {isa = PBXFileReference; explicitFileType = wrapper.application; includeInIndex = 0; path = BigWordEnglish.app; sourceTree = BUILT_PRODUCTS_DIR; };
		FF370C7F1EC1E25E00E5684C /* main.m */ = {isa = PBXFileReference; lastKnownFileType = sourcecode.c.objc; path = main.m; sourceTree = "<group>"; };
		FF370C811EC1E25E00E5684C /* AppDelegate.h */ = {isa = PBXFileReference; lastKnownFileType = sourcecode.c.h; path = AppDelegate.h; sourceTree = "<group>"; };
		FF370C821EC1E25E00E5684C /* AppDelegate.m */ = {isa = PBXFileReference; lastKnownFileType = sourcecode.c.objc; path = AppDelegate.m; sourceTree = "<group>"; };
		FF370C881EC1E25E00E5684C /* Base */ = {isa = PBXFileReference; lastKnownFileType = file.storyboard; name = Base; path = Base.lproj/Main.storyboard; sourceTree = "<group>"; };
		FF370C8A1EC1E25E00E5684C /* Assets.xcassets */ = {isa = PBXFileReference; lastKnownFileType = folder.assetcatalog; path = Assets.xcassets; sourceTree = "<group>"; };
		FF370C8F1EC1E25E00E5684C /* Info.plist */ = {isa = PBXFileReference; lastKnownFileType = text.plist.xml; path = Info.plist; sourceTree = "<group>"; };
		FF986ADA1EF2C238003C7B68 /* SettingVC.h */ = {isa = PBXFileReference; fileEncoding = 4; lastKnownFileType = sourcecode.c.h; path = SettingVC.h; sourceTree = "<group>"; };
		FF986ADB1EF2C238003C7B68 /* SettingVC.m */ = {isa = PBXFileReference; fileEncoding = 4; lastKnownFileType = sourcecode.c.objc; path = SettingVC.m; sourceTree = "<group>"; };
		FF986ADD1EF2C7C9003C7B68 /* SearchVC.h */ = {isa = PBXFileReference; fileEncoding = 4; lastKnownFileType = sourcecode.c.h; path = SearchVC.h; sourceTree = "<group>"; };
		FF986ADE1EF2C7C9003C7B68 /* SearchVC.m */ = {isa = PBXFileReference; fileEncoding = 4; lastKnownFileType = sourcecode.c.objc; path = SearchVC.m; sourceTree = "<group>"; };
		FFB09C221F07E0FD00F55EAE /* bottom_btn_off.png */ = {isa = PBXFileReference; lastKnownFileType = image.png; path = bottom_btn_off.png; sourceTree = "<group>"; };
		FFB09C231F07E0FD00F55EAE /* bottom_btn_on.png */ = {isa = PBXFileReference; lastKnownFileType = image.png; path = bottom_btn_on.png; sourceTree = "<group>"; };
		FFB09C261F07E53500F55EAE /* check_box_false.png */ = {isa = PBXFileReference; lastKnownFileType = image.png; path = check_box_false.png; sourceTree = "<group>"; };
		FFB09C271F07E53500F55EAE /* check_box_true.png */ = {isa = PBXFileReference; lastKnownFileType = image.png; path = check_box_true.png; sourceTree = "<group>"; };
		FFB6C5511EFFEADD004AFB25 /* btn_favorite_press.png */ = {isa = PBXFileReference; lastKnownFileType = image.png; path = btn_favorite_press.png; sourceTree = "<group>"; };
		FFB6C5521EFFEADD004AFB25 /* btn_favorite.png */ = {isa = PBXFileReference; lastKnownFileType = image.png; path = btn_favorite.png; sourceTree = "<group>"; };
		FFB6C5531EFFEADD004AFB25 /* btn_speak_press.png */ = {isa = PBXFileReference; lastKnownFileType = image.png; path = btn_speak_press.png; sourceTree = "<group>"; };
		FFB6C5541EFFEADD004AFB25 /* btn_speak.png */ = {isa = PBXFileReference; lastKnownFileType = image.png; path = btn_speak.png; sourceTree = "<group>"; };
		FFB6C5591EFFEBFB004AFB25 /* btn_cancel.png */ = {isa = PBXFileReference; lastKnownFileType = image.png; path = btn_cancel.png; sourceTree = "<group>"; };
		FFB6C55A1EFFEBFB004AFB25 /* btn_ok.png */ = {isa = PBXFileReference; lastKnownFileType = image.png; path = btn_ok.png; sourceTree = "<group>"; };
		FFB6C55C1EFFEBFB004AFB25 /* menu_01.png */ = {isa = PBXFileReference; lastKnownFileType = image.png; path = menu_01.png; sourceTree = "<group>"; };
		FFB6C55E1EFFEBFB004AFB25 /* menu_02.png */ = {isa = PBXFileReference; lastKnownFileType = image.png; path = menu_02.png; sourceTree = "<group>"; };
		FFB6C5601EFFEBFB004AFB25 /* menu_03.png */ = {isa = PBXFileReference; lastKnownFileType = image.png; path = menu_03.png; sourceTree = "<group>"; };
		FFB6C5621EFFEBFB004AFB25 /* menu_04.png */ = {isa = PBXFileReference; lastKnownFileType = image.png; path = menu_04.png; sourceTree = "<group>"; };
		FFB6C5641EFFEBFB004AFB25 /* menu_05.png */ = {isa = PBXFileReference; lastKnownFileType = image.png; path = menu_05.png; sourceTree = "<group>"; };
		FFB6C5661EFFEBFB004AFB25 /* menu_06.png */ = {isa = PBXFileReference; lastKnownFileType = image.png; path = menu_06.png; sourceTree = "<group>"; };
		FFB6C5671EFFEBFB004AFB25 /* set_switch_track_off.png */ = {isa = PBXFileReference; lastKnownFileType = image.png; path = set_switch_track_off.png; sourceTree = "<group>"; };
		FFB6C5681EFFEBFB004AFB25 /* set_switch_track_on.png */ = {isa = PBXFileReference; lastKnownFileType = image.png; path = set_switch_track_on.png; sourceTree = "<group>"; };
		FFB6C5791EFFEE52004AFB25 /* all_view_set.png */ = {isa = PBXFileReference; lastKnownFileType = image.png; path = all_view_set.png; sourceTree = "<group>"; };
		FFB6C57A1EFFEE52004AFB25 /* bg_count.png */ = {isa = PBXFileReference; lastKnownFileType = image.png; path = bg_count.png; sourceTree = "<group>"; };
		FFB6C57B1EFFEE52004AFB25 /* bg_en_ko.png */ = {isa = PBXFileReference; lastKnownFileType = image.png; path = bg_en_ko.png; sourceTree = "<group>"; };
		FFB6C57C1EFFEE52004AFB25 /* bg_favorite.png */ = {isa = PBXFileReference; lastKnownFileType = image.png; path = bg_favorite.png; sourceTree = "<group>"; };
		FFB6C57D1EFFEE52004AFB25 /* bg_level.png */ = {isa = PBXFileReference; lastKnownFileType = image.png; path = bg_level.png; sourceTree = "<group>"; };
		FFB6C57E1EFFEE52004AFB25 /* bg_search_set_off.png */ = {isa = PBXFileReference; lastKnownFileType = image.png; path = bg_search_set_off.png; sourceTree = "<group>"; };
		FFB6C5801EFFEE52004AFB25 /* bg_speak.png */ = {isa = PBXFileReference; lastKnownFileType = image.png; path = bg_speak.png; sourceTree = "<group>"; };
		FFBD4B151ED01254005380A5 /* GlobalHeader.h */ = {isa = PBXFileReference; fileEncoding = 4; lastKnownFileType = sourcecode.c.h; path = GlobalHeader.h; sourceTree = "<group>"; };
		FFBD4B161ED01254005380A5 /* GlobalObject.h */ = {isa = PBXFileReference; fileEncoding = 4; lastKnownFileType = sourcecode.c.h; path = GlobalObject.h; sourceTree = "<group>"; };
		FFBD4B171ED01254005380A5 /* GlobalObject.m */ = {isa = PBXFileReference; fileEncoding = 4; lastKnownFileType = sourcecode.c.objc; path = GlobalObject.m; sourceTree = "<group>"; };
		FFBD4B1B1ED01268005380A5 /* MainVC.h */ = {isa = PBXFileReference; fileEncoding = 4; lastKnownFileType = sourcecode.c.h; path = MainVC.h; sourceTree = "<group>"; };
		FFBD4B1C1ED01268005380A5 /* MainVC.m */ = {isa = PBXFileReference; fileEncoding = 4; lastKnownFileType = sourcecode.c.objc; path = MainVC.m; sourceTree = "<group>"; };
		FFBD4B4A1ED01A91005380A5 /* SBJsonBase.h */ = {isa = PBXFileReference; fileEncoding = 4; lastKnownFileType = sourcecode.c.h; path = SBJsonBase.h; sourceTree = "<group>"; };
		FFBD4B4B1ED01A91005380A5 /* SBJsonBase.m */ = {isa = PBXFileReference; fileEncoding = 4; lastKnownFileType = sourcecode.c.objc; path = SBJsonBase.m; sourceTree = "<group>"; };
		FFBD4B4C1ED01A91005380A5 /* SBJsonParser.h */ = {isa = PBXFileReference; fileEncoding = 4; lastKnownFileType = sourcecode.c.h; path = SBJsonParser.h; sourceTree = "<group>"; };
		FFBD4B4D1ED01A91005380A5 /* SBJsonParser.m */ = {isa = PBXFileReference; fileEncoding = 4; lastKnownFileType = sourcecode.c.objc; path = SBJsonParser.m; sourceTree = "<group>"; };
		FFBD4B4E1ED01A91005380A5 /* SBJsonWriter.h */ = {isa = PBXFileReference; fileEncoding = 4; lastKnownFileType = sourcecode.c.h; path = SBJsonWriter.h; sourceTree = "<group>"; };
		FFBD4B4F1ED01A91005380A5 /* SBJsonWriter.m */ = {isa = PBXFileReference; fileEncoding = 4; lastKnownFileType = sourcecode.c.objc; path = SBJsonWriter.m; sourceTree = "<group>"; };
		FFBD4B541ED01A91005380A5 /* UIView+Toast.h */ = {isa = PBXFileReference; fileEncoding = 4; lastKnownFileType = sourcecode.c.h; path = "UIView+Toast.h"; sourceTree = "<group>"; };
		FFBD4B551ED01A91005380A5 /* UIView+Toast.m */ = {isa = PBXFileReference; fileEncoding = 4; lastKnownFileType = sourcecode.c.objc; path = "UIView+Toast.m"; sourceTree = "<group>"; };
		FFBD4B5C1ED01BA3005380A5 /* SystemConfiguration.framework */ = {isa = PBXFileReference; lastKnownFileType = wrapper.framework; name = SystemConfiguration.framework; path = System/Library/Frameworks/SystemConfiguration.framework; sourceTree = SDKROOT; };
		FFBD4B5E1ED01BBE005380A5 /* CFNetwork.framework */ = {isa = PBXFileReference; lastKnownFileType = wrapper.framework; name = CFNetwork.framework; path = System/Library/Frameworks/CFNetwork.framework; sourceTree = SDKROOT; };
		FFBD4B601ED01C80005380A5 /* libz.1.2.5.tbd */ = {isa = PBXFileReference; lastKnownFileType = "sourcecode.text-based-dylib-definition"; name = libz.1.2.5.tbd; path = usr/lib/libz.1.2.5.tbd; sourceTree = SDKROOT; };
		FFBD4B641ED01C97005380A5 /* AdSupport.framework */ = {isa = PBXFileReference; lastKnownFileType = wrapper.framework; name = AdSupport.framework; path = System/Library/Frameworks/AdSupport.framework; sourceTree = SDKROOT; };
		FFBD4B661ED01C9E005380A5 /* AssetsLibrary.framework */ = {isa = PBXFileReference; lastKnownFileType = wrapper.framework; name = AssetsLibrary.framework; path = System/Library/Frameworks/AssetsLibrary.framework; sourceTree = SDKROOT; };
		FFBD4B681ED01CA5005380A5 /* CoreGraphics.framework */ = {isa = PBXFileReference; lastKnownFileType = wrapper.framework; name = CoreGraphics.framework; path = System/Library/Frameworks/CoreGraphics.framework; sourceTree = SDKROOT; };
		FFBD4B6A1ED01CA9005380A5 /* CoreLocation.framework */ = {isa = PBXFileReference; lastKnownFileType = wrapper.framework; name = CoreLocation.framework; path = System/Library/Frameworks/CoreLocation.framework; sourceTree = SDKROOT; };
		FFBD4B6C1ED01CB2005380A5 /* CoreTelephony.framework */ = {isa = PBXFileReference; lastKnownFileType = wrapper.framework; name = CoreTelephony.framework; path = System/Library/Frameworks/CoreTelephony.framework; sourceTree = SDKROOT; };
		FFBD4B6E1ED01CB9005380A5 /* EventKit.framework */ = {isa = PBXFileReference; lastKnownFileType = wrapper.framework; name = EventKit.framework; path = System/Library/Frameworks/EventKit.framework; sourceTree = SDKROOT; };
		FFBD4B701ED01CBE005380A5 /* EventKitUI.framework */ = {isa = PBXFileReference; lastKnownFileType = wrapper.framework; name = EventKitUI.framework; path = System/Library/Frameworks/EventKitUI.framework; sourceTree = SDKROOT; };
		FFBD4B721ED01CC8005380A5 /* MobileCoreServices.framework */ = {isa = PBXFileReference; lastKnownFileType = wrapper.framework; name = MobileCoreServices.framework; path = System/Library/Frameworks/MobileCoreServices.framework; sourceTree = SDKROOT; };
		FFBD4B741ED01CD0005380A5 /* MediaPlayer.framework */ = {isa = PBXFileReference; lastKnownFileType = wrapper.framework; name = MediaPlayer.framework; path = System/Library/Frameworks/MediaPlayer.framework; sourceTree = SDKROOT; };
		FFBD4B761ED01CE0005380A5 /* Security.framework */ = {isa = PBXFileReference; lastKnownFileType = wrapper.framework; name = Security.framework; path = System/Library/Frameworks/Security.framework; sourceTree = SDKROOT; };
		FFBD4B781ED01CF4005380A5 /* UIKit.framework */ = {isa = PBXFileReference; lastKnownFileType = wrapper.framework; name = UIKit.framework; path = System/Library/Frameworks/UIKit.framework; sourceTree = SDKROOT; };
		FFBD4B7A1ED01D1B005380A5 /* Foundation.framework */ = {isa = PBXFileReference; lastKnownFileType = wrapper.framework; name = Foundation.framework; path = System/Library/Frameworks/Foundation.framework; sourceTree = SDKROOT; };
/* End PBXFileReference section */

/* Begin PBXFrameworksBuildPhase section */
		FF370C781EC1E25E00E5684C /* Frameworks */ = {
			isa = PBXFrameworksBuildPhase;
			buildActionMask = 2147483647;
			files = (
				292F6A0E1F15D9590090FFF4 /* AVFoundation.framework in Frameworks */,
				FFBD4B651ED01C97005380A5 /* AdSupport.framework in Frameworks */,
				29E0E4DF1F09DA8E0096A950 /* MessageUI.framework in Frameworks */,
				FFBD4B631ED01C8E005380A5 /* CFNetwork.framework in Frameworks */,
				29E0E4DD1F09DA790096A950 /* QuartzCore.framework in Frameworks */,
				29E0E4DB1F09DA6F0096A950 /* AVKit.framework in Frameworks */,
				292F5BCE1EF212000076A1FD /* libsqlite3.0.tbd in Frameworks */,
				FFBD4B7B1ED01D1B005380A5 /* Foundation.framework in Frameworks */,
				29E0E4EF1F09DBFA0096A950 /* libCauly.a in Frameworks */,
				FFBD4B791ED01CF4005380A5 /* UIKit.framework in Frameworks */,
				FFBD4B771ED01CE0005380A5 /* Security.framework in Frameworks */,
				FFBD4B751ED01CD0005380A5 /* MediaPlayer.framework in Frameworks */,
				FFBD4B731ED01CC8005380A5 /* MobileCoreServices.framework in Frameworks */,
				FFBD4B6F1ED01CB9005380A5 /* EventKit.framework in Frameworks */,
				FFBD4B6D1ED01CB2005380A5 /* CoreTelephony.framework in Frameworks */,
				FFBD4B6B1ED01CA9005380A5 /* CoreLocation.framework in Frameworks */,
				FFBD4B691ED01CA5005380A5 /* CoreGraphics.framework in Frameworks */,
				FFBD4B671ED01C9E005380A5 /* AssetsLibrary.framework in Frameworks */,
				FFBD4B621ED01C87005380A5 /* SystemConfiguration.framework in Frameworks */,
				FFBD4B611ED01C80005380A5 /* libz.1.2.5.tbd in Frameworks */,
			);
			runOnlyForDeploymentPostprocessing = 0;
		};
/* End PBXFrameworksBuildPhase section */

/* Begin PBXGroup section */
		292F697C1F1327020090FFF4 /* PullToRefresh */ = {
			isa = PBXGroup;
			children = (
				292F697D1F1327020090FFF4 /* MNMBottomPullToRefresh.strings */,
				292F697E1F1327020090FFF4 /* MNMBottomPullToRefreshArrow.png */,
				292F697F1F1327020090FFF4 /* MNMBottomPullToRefreshArrow@2x.png */,
				292F69801F1327020090FFF4 /* MNMBottomPullToRefreshManager.h */,
				292F69811F1327020090FFF4 /* MNMBottomPullToRefreshManager.m */,
				292F69821F1327020090FFF4 /* MNMBottomPullToRefreshView.h */,
				292F69831F1327020090FFF4 /* MNMBottomPullToRefreshView.m */,
			);
			path = PullToRefresh;
			sourceTree = "<group>";
		};
		29E0E4E01F09DB370096A950 /* Cauly */ = {
			isa = PBXGroup;
			children = (
				29E0E4EE1F09DBFA0096A950 /* libCauly.a */,
				29E0E4E11F09DB370096A950 /* Cauly.h */,
				29E0E4E21F09DB370096A950 /* CaulyAdSetting.h */,
				29E0E4E31F09DB370096A950 /* CaulyAdView.h */,
				29E0E4E41F09DB370096A950 /* CaulyInterstitialAd.h */,
				29E0E4E51F09DB370096A950 /* DefaultImages */,
			);
			path = Cauly;
			sourceTree = "<group>";
		};
		29E0E4E51F09DB370096A950 /* DefaultImages */ = {
			isa = PBXGroup;
			children = (
				29E0E4E61F09DB370096A950 /* cauly_default_banner_ipad_large.png */,
				29E0E4E71F09DB370096A950 /* cauly_default_banner_ipad_small.png */,
				29E0E4E81F09DB370096A950 /* cauly_default_banner_iphone.png */,
			);
			path = DefaultImages;
			sourceTree = "<group>";
		};
		29F57BE01EEF6C7E0060F1B3 /* Resources */ = {
			isa = PBXGroup;
			children = (
				2941ADBC1F184D12004B31DA /* btn_set_01.png */,
				2941ADBD1F184D12004B31DA /* btn_set_02.png */,
				2941ADBE1F184D12004B31DA /* btn_set_03.png */,
				2941ADBF1F184D12004B31DA /* btn_set_04.png */,
				2941ADC01F184D12004B31DA /* btn_set_line.png */,
				2941ADC11F184D12004B31DA /* btn_set_tap.png */,
				29E0E4F31F09FB120096A950 /* intro_320.png */,
				29E0E4F41F09FB120096A950 /* intro_375.png */,
				29E0E4F51F09FB120096A950 /* intro_414.png */,
				FFB09C261F07E53500F55EAE /* check_box_false.png */,
				FFB09C271F07E53500F55EAE /* check_box_true.png */,
				FFB09C221F07E0FD00F55EAE /* bottom_btn_off.png */,
				FFB09C231F07E0FD00F55EAE /* bottom_btn_on.png */,
				29C159AD1F06427400A982A0 /* img_list.png */,
				29C159A51F063DC200A982A0 /* bg_search_top.png */,
				29C159A61F063DC200A982A0 /* btn_search_off.png */,
				29C159A71F063DC200A982A0 /* btn_search_on.png */,
				29C159A81F063DC200A982A0 /* edit_text_search.png */,
				29C1598D1F063C0C00A982A0 /* btn_sub_menu_01_off.png */,
				29C1598E1F063C0C00A982A0 /* btn_sub_menu_01_on.png */,
				29C1598F1F063C0C00A982A0 /* btn_sub_menu_02_off.png */,
				29C159901F063C0C00A982A0 /* btn_sub_menu_02_on.png */,
				29C159911F063C0C00A982A0 /* btn_sub_menu_03_off.png */,
				29C159921F063C0C00A982A0 /* btn_sub_menu_03_on.png */,
				29C159931F063C0C00A982A0 /* btn_sub_menu_04_off.png */,
				29C159941F063C0C00A982A0 /* btn_sub_menu_04_on.png */,
				29C159951F063C0C00A982A0 /* btn_sub_menu_05_off.png */,
				29C159961F063C0C00A982A0 /* btn_sub_menu_05_on.png */,
				29C159971F063C0C00A982A0 /* btn_sub_menu_06_off.png */,
				29C159981F063C0C00A982A0 /* btn_sub_menu_06_on.png */,
				29C1598B1F063AFF00A982A0 /* bg_top_sub.png */,
				294C3ED51F00B93E0080D556 /* bg_search_set_on.png */,
				294C3ED31F0093140080D556 /* btn_reset.png */,
				FFB6C5791EFFEE52004AFB25 /* all_view_set.png */,
				FFB6C57A1EFFEE52004AFB25 /* bg_count.png */,
				FFB6C57B1EFFEE52004AFB25 /* bg_en_ko.png */,
				FFB6C57C1EFFEE52004AFB25 /* bg_favorite.png */,
				FFB6C57D1EFFEE52004AFB25 /* bg_level.png */,
				FFB6C57E1EFFEE52004AFB25 /* bg_search_set_off.png */,
				FFB6C5801EFFEE52004AFB25 /* bg_speak.png */,
				FFB6C5591EFFEBFB004AFB25 /* btn_cancel.png */,
				FFB6C55A1EFFEBFB004AFB25 /* btn_ok.png */,
				FFB6C55C1EFFEBFB004AFB25 /* menu_01.png */,
				FFB6C55E1EFFEBFB004AFB25 /* menu_02.png */,
				FFB6C5601EFFEBFB004AFB25 /* menu_03.png */,
				FFB6C5621EFFEBFB004AFB25 /* menu_04.png */,
				FFB6C5641EFFEBFB004AFB25 /* menu_05.png */,
				FFB6C5661EFFEBFB004AFB25 /* menu_06.png */,
				FFB6C5671EFFEBFB004AFB25 /* set_switch_track_off.png */,
				FFB6C5681EFFEBFB004AFB25 /* set_switch_track_on.png */,
				FFB6C5511EFFEADD004AFB25 /* btn_favorite_press.png */,
				FFB6C5521EFFEADD004AFB25 /* btn_favorite.png */,
				FFB6C5531EFFEADD004AFB25 /* btn_speak_press.png */,
				FFB6C5541EFFEADD004AFB25 /* btn_speak.png */,
				298819CC1EFC964E00E7E54A /* bg_top.png */,
				298819CD1EFC964E00E7E54A /* btn_allword.png */,
				298819CE1EFC964E00E7E54A /* btn_fav_word.png */,
				298819CF1EFC964E00E7E54A /* btn_home.png */,
				298819D01EFC964E00E7E54A /* btn_search.png */,
				298819D11EFC964E00E7E54A /* btn_setting.png */,
			);
			path = Resources;
			sourceTree = "<group>";
		};
		FF370C721EC1E25E00E5684C = {
			isa = PBXGroup;
			children = (
				FF370C7D1EC1E25E00E5684C /* BigWordEnglish */,
				FF370C7C1EC1E25E00E5684C /* Products */,
				FFBD4B5B1ED01BA2005380A5 /* Frameworks */,
			);
			sourceTree = "<group>";
		};
		FF370C7C1EC1E25E00E5684C /* Products */ = {
			isa = PBXGroup;
			children = (
				FF370C7B1EC1E25E00E5684C /* BigWordEnglish.app */,
			);
			name = Products;
			sourceTree = "<group>";
		};
		FF370C7D1EC1E25E00E5684C /* BigWordEnglish */ = {
			isa = PBXGroup;
			children = (
				FFBD4B481ED01A91005380A5 /* Lib */,
				FFBD4B141ED01254005380A5 /* Common */,
				FFBD4B191ED01254005380A5 /* VC */,
				FF370C811EC1E25E00E5684C /* AppDelegate.h */,
				FF370C821EC1E25E00E5684C /* AppDelegate.m */,
				FF370C871EC1E25E00E5684C /* Main.storyboard */,
				29F57BE01EEF6C7E0060F1B3 /* Resources */,
				FF370C8A1EC1E25E00E5684C /* Assets.xcassets */,
				FF370C8F1EC1E25E00E5684C /* Info.plist */,
				FF370C7E1EC1E25E00E5684C /* Supporting Files */,
			);
			path = BigWordEnglish;
			sourceTree = "<group>";
		};
		FF370C7E1EC1E25E00E5684C /* Supporting Files */ = {
			isa = PBXGroup;
			children = (
				FF370C7F1EC1E25E00E5684C /* main.m */,
			);
			name = "Supporting Files";
			sourceTree = "<group>";
		};
		FFBD4B141ED01254005380A5 /* Common */ = {
			isa = PBXGroup;
			children = (
				FFBD4B151ED01254005380A5 /* GlobalHeader.h */,
				FFBD4B161ED01254005380A5 /* GlobalObject.h */,
				FFBD4B171ED01254005380A5 /* GlobalObject.m */,
			);
			path = Common;
			sourceTree = "<group>";
		};
		FFBD4B191ED01254005380A5 /* VC */ = {
			isa = PBXGroup;
			children = (
				FFBD4B1B1ED01268005380A5 /* MainVC.h */,
				FFBD4B1C1ED01268005380A5 /* MainVC.m */,
				29F57BE11EEF70720060F1B3 /* ChooseVC.h */,
				29F57BE21EEF70720060F1B3 /* ChooseVC.m */,
				29F57BE41EEF9B370060F1B3 /* ChooseCell.h */,
				29F57BE51EEF9B370060F1B3 /* ChooseCell.m */,
				292F5BCA1EF209AD0076A1FD /* DetailVC.h */,
				292F5BCB1EF209AD0076A1FD /* DetailVC.m */,
				292F5BCF1EF21CCF0076A1FD /* DetailCell.h */,
				292F5BD01EF21CD00076A1FD /* DetailCell.m */,
				FF986ADA1EF2C238003C7B68 /* SettingVC.h */,
				FF986ADB1EF2C238003C7B68 /* SettingVC.m */,
				292F5BD51EF2492B0076A1FD /* NoticeVC.h */,
				292F5BD61EF2492B0076A1FD /* NoticeVC.m */,
				292F5BD21EF249180076A1FD /* NoticeCell.h */,
				292F5BD31EF249180076A1FD /* NoticeCell.m */,
				FF986ADD1EF2C7C9003C7B68 /* SearchVC.h */,
				FF986ADE1EF2C7C9003C7B68 /* SearchVC.m */,
			);
			path = VC;
			sourceTree = "<group>";
		};
		FFBD4B481ED01A91005380A5 /* Lib */ = {
			isa = PBXGroup;
			children = (
				292F697C1F1327020090FFF4 /* PullToRefresh */,
				29E0E4E01F09DB370096A950 /* Cauly */,
				FFBD4B491ED01A91005380A5 /* JSON */,
				FFBD4B531ED01A91005380A5 /* Toast */,
			);
			path = Lib;
			sourceTree = "<group>";
		};
		FFBD4B491ED01A91005380A5 /* JSON */ = {
			isa = PBXGroup;
			children = (
				FFBD4B4A1ED01A91005380A5 /* SBJsonBase.h */,
				FFBD4B4B1ED01A91005380A5 /* SBJsonBase.m */,
				FFBD4B4C1ED01A91005380A5 /* SBJsonParser.h */,
				FFBD4B4D1ED01A91005380A5 /* SBJsonParser.m */,
				FFBD4B4E1ED01A91005380A5 /* SBJsonWriter.h */,
				FFBD4B4F1ED01A91005380A5 /* SBJsonWriter.m */,
			);
			path = JSON;
			sourceTree = "<group>";
		};
		FFBD4B531ED01A91005380A5 /* Toast */ = {
			isa = PBXGroup;
			children = (
				FFBD4B541ED01A91005380A5 /* UIView+Toast.h */,
				FFBD4B551ED01A91005380A5 /* UIView+Toast.m */,
			);
			path = Toast;
			sourceTree = "<group>";
		};
		FFBD4B5B1ED01BA2005380A5 /* Frameworks */ = {
			isa = PBXGroup;
			children = (
				292F6A0D1F15D9590090FFF4 /* AVFoundation.framework */,
				29E0E4DE1F09DA8E0096A950 /* MessageUI.framework */,
				29E0E4DC1F09DA790096A950 /* QuartzCore.framework */,
				29E0E4DA1F09DA6F0096A950 /* AVKit.framework */,
				292F5BCD1EF212000076A1FD /* libsqlite3.0.tbd */,
				FFBD4B7A1ED01D1B005380A5 /* Foundation.framework */,
				FFBD4B781ED01CF4005380A5 /* UIKit.framework */,
				FFBD4B761ED01CE0005380A5 /* Security.framework */,
				FFBD4B741ED01CD0005380A5 /* MediaPlayer.framework */,
				FFBD4B721ED01CC8005380A5 /* MobileCoreServices.framework */,
				FFBD4B701ED01CBE005380A5 /* EventKitUI.framework */,
				FFBD4B6E1ED01CB9005380A5 /* EventKit.framework */,
				FFBD4B6C1ED01CB2005380A5 /* CoreTelephony.framework */,
				FFBD4B6A1ED01CA9005380A5 /* CoreLocation.framework */,
				FFBD4B681ED01CA5005380A5 /* CoreGraphics.framework */,
				FFBD4B661ED01C9E005380A5 /* AssetsLibrary.framework */,
				FFBD4B641ED01C97005380A5 /* AdSupport.framework */,
				FFBD4B601ED01C80005380A5 /* libz.1.2.5.tbd */,
				FFBD4B5E1ED01BBE005380A5 /* CFNetwork.framework */,
				FFBD4B5C1ED01BA3005380A5 /* SystemConfiguration.framework */,
			);
			name = Frameworks;
			sourceTree = "<group>";
		};
/* End PBXGroup section */

/* Begin PBXNativeTarget section */
		FF370C7A1EC1E25E00E5684C /* BigWordEnglish */ = {
			isa = PBXNativeTarget;
			buildConfigurationList = FF370C921EC1E25E00E5684C /* Build configuration list for PBXNativeTarget "BigWordEnglish" */;
			buildPhases = (
				FF370C771EC1E25E00E5684C /* Sources */,
				FF370C781EC1E25E00E5684C /* Frameworks */,
				FF370C791EC1E25E00E5684C /* Resources */,
			);
			buildRules = (
			);
			dependencies = (
			);
			name = BigWordEnglish;
			productName = BigWordEnglish;
			productReference = FF370C7B1EC1E25E00E5684C /* BigWordEnglish.app */;
			productType = "com.apple.product-type.application";
		};
/* End PBXNativeTarget section */

/* Begin PBXProject section */
		FF370C731EC1E25E00E5684C /* Project object */ = {
			isa = PBXProject;
			attributes = {
				LastUpgradeCheck = 0830;
				ORGANIZATIONNAME = Joseph_iMac;
				TargetAttributes = {
					FF370C7A1EC1E25E00E5684C = {
						CreatedOnToolsVersion = 8.3.2;
						DevelopmentTeam = 2V532BNDRF;
						ProvisioningStyle = Manual;
					};
				};
			};
			buildConfigurationList = FF370C761EC1E25E00E5684C /* Build configuration list for PBXProject "BigWordEnglish" */;
			compatibilityVersion = "Xcode 3.2";
			developmentRegion = English;
			hasScannedForEncodings = 0;
			knownRegions = (
				en,
				Base,
			);
			mainGroup = FF370C721EC1E25E00E5684C;
			productRefGroup = FF370C7C1EC1E25E00E5684C /* Products */;
			projectDirPath = "";
			projectRoot = "";
			targets = (
				FF370C7A1EC1E25E00E5684C /* BigWordEnglish */,
			);
		};
/* End PBXProject section */

/* Begin PBXResourcesBuildPhase section */
		FF370C791EC1E25E00E5684C /* Resources */ = {
			isa = PBXResourcesBuildPhase;
			buildActionMask = 2147483647;
			files = (
				FFB09C251F07E0FD00F55EAE /* bottom_btn_on.png in Resources */,
				29C159A01F063C0C00A982A0 /* btn_sub_menu_04_on.png in Resources */,
				2941ADC51F184D12004B31DA /* btn_set_04.png in Resources */,
				29C1599F1F063C0C00A982A0 /* btn_sub_menu_04_off.png in Resources */,
				294C3ED61F00B93E0080D556 /* bg_search_set_on.png in Resources */,
				2941ADC61F184D12004B31DA /* btn_set_line.png in Resources */,
				29E0E4F61F09FB120096A950 /* intro_320.png in Resources */,
				FFB6C5551EFFEADD004AFB25 /* btn_favorite_press.png in Resources */,
				2941ADC41F184D12004B31DA /* btn_set_03.png in Resources */,
				292F69841F1327020090FFF4 /* MNMBottomPullToRefresh.strings in Resources */,
				29C159A41F063C0C00A982A0 /* btn_sub_menu_06_on.png in Resources */,
				29C1599A1F063C0C00A982A0 /* btn_sub_menu_01_on.png in Resources */,
				29C159AA1F063DC200A982A0 /* btn_search_off.png in Resources */,
				29E0E4F71F09FB120096A950 /* intro_375.png in Resources */,
				298819DA1EFC964E00E7E54A /* btn_fav_word.png in Resources */,
				292F69861F1327020090FFF4 /* MNMBottomPullToRefreshArrow@2x.png in Resources */,
				FFB6C5741EFFEBFB004AFB25 /* menu_05.png in Resources */,
				29C159A21F063C0C00A982A0 /* btn_sub_menu_05_on.png in Resources */,
				FFB6C5881EFFEE52004AFB25 /* bg_speak.png in Resources */,
				FFB6C5771EFFEBFB004AFB25 /* set_switch_track_off.png in Resources */,
				FFB6C5691EFFEBFB004AFB25 /* btn_cancel.png in Resources */,
				298819DB1EFC964E00E7E54A /* btn_home.png in Resources */,
				29E0E4EA1F09DB370096A950 /* cauly_default_banner_ipad_large.png in Resources */,
				FFB6C5811EFFEE52004AFB25 /* all_view_set.png in Resources */,
				FFB6C5561EFFEADD004AFB25 /* btn_favorite.png in Resources */,
				FFB6C5701EFFEBFB004AFB25 /* menu_03.png in Resources */,
				29C159991F063C0C00A982A0 /* btn_sub_menu_01_off.png in Resources */,
				2941ADC71F184D12004B31DA /* btn_set_tap.png in Resources */,
				298819DC1EFC964E00E7E54A /* btn_search.png in Resources */,
				298819D81EFC964E00E7E54A /* bg_top.png in Resources */,
				29C159A11F063C0C00A982A0 /* btn_sub_menu_05_off.png in Resources */,
				FFB6C5821EFFEE52004AFB25 /* bg_count.png in Resources */,
				FFB6C5861EFFEE52004AFB25 /* bg_search_set_off.png in Resources */,
				FFB6C56E1EFFEBFB004AFB25 /* menu_02.png in Resources */,
				29E0E4EB1F09DB370096A950 /* cauly_default_banner_ipad_small.png in Resources */,
				29C159A31F063C0C00A982A0 /* btn_sub_menu_06_off.png in Resources */,
				29C159AB1F063DC200A982A0 /* btn_search_on.png in Resources */,
				FFB6C5581EFFEADD004AFB25 /* btn_speak.png in Resources */,
				29C1598C1F063AFF00A982A0 /* bg_top_sub.png in Resources */,
				FFB6C5721EFFEBFB004AFB25 /* menu_04.png in Resources */,
				29C159AC1F063DC200A982A0 /* edit_text_search.png in Resources */,
				294C3ED41F0093140080D556 /* btn_reset.png in Resources */,
				FFB6C5781EFFEBFB004AFB25 /* set_switch_track_on.png in Resources */,
				298819DD1EFC964E00E7E54A /* btn_setting.png in Resources */,
				FFB6C5851EFFEE52004AFB25 /* bg_level.png in Resources */,
				29E0E4EC1F09DB370096A950 /* cauly_default_banner_iphone.png in Resources */,
				2941ADC31F184D12004B31DA /* btn_set_02.png in Resources */,
				FFB6C5571EFFEADD004AFB25 /* btn_speak_press.png in Resources */,
				29C1599C1F063C0C00A982A0 /* btn_sub_menu_02_on.png in Resources */,
				29C1599B1F063C0C00A982A0 /* btn_sub_menu_02_off.png in Resources */,
				FFB09C241F07E0FD00F55EAE /* bottom_btn_off.png in Resources */,
				29E0E4F81F09FB120096A950 /* intro_414.png in Resources */,
				FFB6C5841EFFEE52004AFB25 /* bg_favorite.png in Resources */,
				2941ADC21F184D12004B31DA /* btn_set_01.png in Resources */,
				FFB6C5761EFFEBFB004AFB25 /* menu_06.png in Resources */,
				29C1599E1F063C0C00A982A0 /* btn_sub_menu_03_on.png in Resources */,
				FFB09C291F07E53500F55EAE /* check_box_true.png in Resources */,
				298819D91EFC964E00E7E54A /* btn_allword.png in Resources */,
				FFB6C5831EFFEE52004AFB25 /* bg_en_ko.png in Resources */,
				29C159AE1F06427400A982A0 /* img_list.png in Resources */,
				FF370C8B1EC1E25E00E5684C /* Assets.xcassets in Resources */,
				FFB6C56C1EFFEBFB004AFB25 /* menu_01.png in Resources */,
				FFB6C56A1EFFEBFB004AFB25 /* btn_ok.png in Resources */,
				FFB09C281F07E53500F55EAE /* check_box_false.png in Resources */,
				FF370C891EC1E25E00E5684C /* Main.storyboard in Resources */,
				292F69851F1327020090FFF4 /* MNMBottomPullToRefreshArrow.png in Resources */,
				29C159A91F063DC200A982A0 /* bg_search_top.png in Resources */,
				29C1599D1F063C0C00A982A0 /* btn_sub_menu_03_off.png in Resources */,
			);
			runOnlyForDeploymentPostprocessing = 0;
		};
/* End PBXResourcesBuildPhase section */

/* Begin PBXSourcesBuildPhase section */
		FF370C771EC1E25E00E5684C /* Sources */ = {
			isa = PBXSourcesBuildPhase;
			buildActionMask = 2147483647;
			files = (
				FFBD4B1A1ED01254005380A5 /* GlobalObject.m in Sources */,
				FFBD4B561ED01A91005380A5 /* SBJsonBase.m in Sources */,
				FFBD4B5A1ED01A91005380A5 /* UIView+Toast.m in Sources */,
				FFBD4B581ED01A91005380A5 /* SBJsonWriter.m in Sources */,
				29F57BE61EEF9B370060F1B3 /* ChooseCell.m in Sources */,
				FF370C831EC1E25E00E5684C /* AppDelegate.m in Sources */,
				292F69881F1327020090FFF4 /* MNMBottomPullToRefreshView.m in Sources */,
				292F5BD41EF249180076A1FD /* NoticeCell.m in Sources */,
				FFBD4B571ED01A91005380A5 /* SBJsonParser.m in Sources */,
				292F69871F1327020090FFF4 /* MNMBottomPullToRefreshManager.m in Sources */,
				292F5BD11EF21CD00076A1FD /* DetailCell.m in Sources */,
				FF986ADF1EF2C7C9003C7B68 /* SearchVC.m in Sources */,
				292F5BD71EF2492B0076A1FD /* NoticeVC.m in Sources */,
				29F57BE31EEF70720060F1B3 /* ChooseVC.m in Sources */,
				292F5BCC1EF209AD0076A1FD /* DetailVC.m in Sources */,
				FF986ADC1EF2C238003C7B68 /* SettingVC.m in Sources */,
				FFBD4B1D1ED01268005380A5 /* MainVC.m in Sources */,
				FF370C801EC1E25E00E5684C /* main.m in Sources */,
			);
			runOnlyForDeploymentPostprocessing = 0;
		};
/* End PBXSourcesBuildPhase section */

/* Begin PBXVariantGroup section */
		FF370C871EC1E25E00E5684C /* Main.storyboard */ = {
			isa = PBXVariantGroup;
			children = (
				FF370C881EC1E25E00E5684C /* Base */,
			);
			name = Main.storyboard;
			sourceTree = "<group>";
		};
/* End PBXVariantGroup section */

/* Begin XCBuildConfiguration section */
		FF370C901EC1E25E00E5684C /* Debug */ = {
			isa = XCBuildConfiguration;
			buildSettings = {
				ALWAYS_SEARCH_USER_PATHS = NO;
				CLANG_ANALYZER_NONNULL = YES;
				CLANG_ANALYZER_NUMBER_OBJECT_CONVERSION = YES_AGGRESSIVE;
				CLANG_CXX_LANGUAGE_STANDARD = "gnu++0x";
				CLANG_CXX_LIBRARY = "libc++";
				CLANG_ENABLE_MODULES = YES;
				CLANG_ENABLE_OBJC_ARC = YES;
				CLANG_WARN_BOOL_CONVERSION = YES;
				CLANG_WARN_CONSTANT_CONVERSION = YES;
				CLANG_WARN_DIRECT_OBJC_ISA_USAGE = YES_ERROR;
				CLANG_WARN_DOCUMENTATION_COMMENTS = YES;
				CLANG_WARN_EMPTY_BODY = YES;
				CLANG_WARN_ENUM_CONVERSION = YES;
				CLANG_WARN_INFINITE_RECURSION = YES;
				CLANG_WARN_INT_CONVERSION = YES;
				CLANG_WARN_OBJC_ROOT_CLASS = YES_ERROR;
				CLANG_WARN_SUSPICIOUS_MOVE = YES;
				CLANG_WARN_UNREACHABLE_CODE = YES;
				CLANG_WARN__DUPLICATE_METHOD_MATCH = YES;
				"CODE_SIGN_IDENTITY[sdk=iphoneos*]" = "iPhone Developer";
				COPY_PHASE_STRIP = NO;
				DEBUG_INFORMATION_FORMAT = dwarf;
				ENABLE_STRICT_OBJC_MSGSEND = YES;
				ENABLE_TESTABILITY = YES;
				GCC_C_LANGUAGE_STANDARD = gnu99;
				GCC_DYNAMIC_NO_PIC = NO;
				GCC_NO_COMMON_BLOCKS = YES;
				GCC_OPTIMIZATION_LEVEL = 0;
				GCC_PREPROCESSOR_DEFINITIONS = (
					"DEBUG=1",
					"$(inherited)",
				);
				GCC_WARN_64_TO_32_BIT_CONVERSION = YES;
				GCC_WARN_ABOUT_RETURN_TYPE = YES_ERROR;
				GCC_WARN_UNDECLARED_SELECTOR = YES;
				GCC_WARN_UNINITIALIZED_AUTOS = YES_AGGRESSIVE;
				GCC_WARN_UNUSED_FUNCTION = YES;
				GCC_WARN_UNUSED_VARIABLE = YES;
				IPHONEOS_DEPLOYMENT_TARGET = 8.2;
				MTL_ENABLE_DEBUG_INFO = YES;
				ONLY_ACTIVE_ARCH = YES;
				SDKROOT = iphoneos;
			};
			name = Debug;
		};
		FF370C911EC1E25E00E5684C /* Release */ = {
			isa = XCBuildConfiguration;
			buildSettings = {
				ALWAYS_SEARCH_USER_PATHS = NO;
				CLANG_ANALYZER_NONNULL = YES;
				CLANG_ANALYZER_NUMBER_OBJECT_CONVERSION = YES_AGGRESSIVE;
				CLANG_CXX_LANGUAGE_STANDARD = "gnu++0x";
				CLANG_CXX_LIBRARY = "libc++";
				CLANG_ENABLE_MODULES = YES;
				CLANG_ENABLE_OBJC_ARC = YES;
				CLANG_WARN_BOOL_CONVERSION = YES;
				CLANG_WARN_CONSTANT_CONVERSION = YES;
				CLANG_WARN_DIRECT_OBJC_ISA_USAGE = YES_ERROR;
				CLANG_WARN_DOCUMENTATION_COMMENTS = YES;
				CLANG_WARN_EMPTY_BODY = YES;
				CLANG_WARN_ENUM_CONVERSION = YES;
				CLANG_WARN_INFINITE_RECURSION = YES;
				CLANG_WARN_INT_CONVERSION = YES;
				CLANG_WARN_OBJC_ROOT_CLASS = YES_ERROR;
				CLANG_WARN_SUSPICIOUS_MOVE = YES;
				CLANG_WARN_UNREACHABLE_CODE = YES;
				CLANG_WARN__DUPLICATE_METHOD_MATCH = YES;
				"CODE_SIGN_IDENTITY[sdk=iphoneos*]" = "iPhone Developer";
				COPY_PHASE_STRIP = NO;
				DEBUG_INFORMATION_FORMAT = "dwarf-with-dsym";
				ENABLE_NS_ASSERTIONS = NO;
				ENABLE_STRICT_OBJC_MSGSEND = YES;
				GCC_C_LANGUAGE_STANDARD = gnu99;
				GCC_NO_COMMON_BLOCKS = YES;
				GCC_WARN_64_TO_32_BIT_CONVERSION = YES;
				GCC_WARN_ABOUT_RETURN_TYPE = YES_ERROR;
				GCC_WARN_UNDECLARED_SELECTOR = YES;
				GCC_WARN_UNINITIALIZED_AUTOS = YES_AGGRESSIVE;
				GCC_WARN_UNUSED_FUNCTION = YES;
				GCC_WARN_UNUSED_VARIABLE = YES;
				IPHONEOS_DEPLOYMENT_TARGET = 8.2;
				MTL_ENABLE_DEBUG_INFO = NO;
				SDKROOT = iphoneos;
				VALIDATE_PRODUCT = YES;
			};
			name = Release;
		};
		FF370C931EC1E25E00E5684C /* Debug */ = {
			isa = XCBuildConfiguration;
			buildSettings = {
				ASSETCATALOG_COMPILER_APPICON_NAME = AppIcon;
				ASSETCATALOG_COMPILER_LAUNCHIMAGE_NAME = LaunchImage;
				CODE_SIGN_IDENTITY = "iPhone Distribution: Yunsoon Kang (2V532BNDRF)";
				DEVELOPMENT_TEAM = 2V532BNDRF;
				ENABLE_BITCODE = NO;
				INFOPLIST_FILE = BigWordEnglish/Info.plist;
				IPHONEOS_DEPLOYMENT_TARGET = 8.2;
				LD_RUNPATH_SEARCH_PATHS = "$(inherited) @executable_path/Frameworks";
				LIBRARY_SEARCH_PATHS = (
					"$(inherited)",
					"$(PROJECT_DIR)/BigWordEnglish/AD/Adam",
					"$(PROJECT_DIR)/BigWordEnglish/AD/Cauly",
					"$(PROJECT_DIR)/BigWordEnglish/AD/Google",
					"$(PROJECT_DIR)/BigWordEnglish/Lib/Adam",
					"$(PROJECT_DIR)/BigWordEnglish/Lib/Cauly",
					"$(PROJECT_DIR)/BigWordEnglish/Lib/TTS",
				);
				OTHER_LDFLAGS = "-ObjC";
				PRODUCT_BUNDLE_IDENTIFIER = com.bigwordenglish;
				PRODUCT_NAME = "$(TARGET_NAME)";
				PROVISIONING_PROFILE = "73f0598d-ef3a-428a-82fa-efb8dd6f1b9f";
				PROVISIONING_PROFILE_SPECIFIER = BigWordEnglish;
			};
			name = Debug;
		};
		FF370C941EC1E25E00E5684C /* Release */ = {
			isa = XCBuildConfiguration;
			buildSettings = {
				ASSETCATALOG_COMPILER_APPICON_NAME = AppIcon;
				ASSETCATALOG_COMPILER_LAUNCHIMAGE_NAME = LaunchImage;
				CODE_SIGN_IDENTITY = "iPhone Distribution: Yunsoon Kang (2V532BNDRF)";
				DEVELOPMENT_TEAM = 2V532BNDRF;
				ENABLE_BITCODE = NO;
				INFOPLIST_FILE = BigWordEnglish/Info.plist;
				IPHONEOS_DEPLOYMENT_TARGET = 8.2;
				LD_RUNPATH_SEARCH_PATHS = "$(inherited) @executable_path/Frameworks";
				LIBRARY_SEARCH_PATHS = (
					"$(inherited)",
					"$(PROJECT_DIR)/BigWordEnglish/AD/Adam",
					"$(PROJECT_DIR)/BigWordEnglish/AD/Cauly",
					"$(PROJECT_DIR)/BigWordEnglish/AD/Google",
					"$(PROJECT_DIR)/BigWordEnglish/Lib/Adam",
					"$(PROJECT_DIR)/BigWordEnglish/Lib/Cauly",
					"$(PROJECT_DIR)/BigWordEnglish/Lib/TTS",
				);
				OTHER_LDFLAGS = "-ObjC";
				PRODUCT_BUNDLE_IDENTIFIER = com.bigwordenglish;
				PRODUCT_NAME = "$(TARGET_NAME)";
				PROVISIONING_PROFILE = "73f0598d-ef3a-428a-82fa-efb8dd6f1b9f";
				PROVISIONING_PROFILE_SPECIFIER = BigWordEnglish;
			};
			name = Release;
		};
/* End XCBuildConfiguration section */

/* Begin XCConfigurationList section */
		FF370C761EC1E25E00E5684C /* Build configuration list for PBXProject "BigWordEnglish" */ = {
			isa = XCConfigurationList;
			buildConfigurations = (
				FF370C901EC1E25E00E5684C /* Debug */,
				FF370C911EC1E25E00E5684C /* Release */,
			);
			defaultConfigurationIsVisible = 0;
			defaultConfigurationName = Release;
		};
		FF370C921EC1E25E00E5684C /* Build configuration list for PBXNativeTarget "BigWordEnglish" */ = {
			isa = XCConfigurationList;
			buildConfigurations = (
				FF370C931EC1E25E00E5684C /* Debug */,
				FF370C941EC1E25E00E5684C /* Release */,
			);
			defaultConfigurationIsVisible = 0;
			defaultConfigurationName = Release;
		};
/* End XCConfigurationList section */
	};
	rootObject = FF370C731EC1E25E00E5684C /* Project object */;
}
